{
  "nodes": {
    "envfs": {
      "inputs": {
        "flake-parts": "flake-parts",
        "nixpkgs": [
          "nixpkgs"
        ],
        "treefmt-nix": "treefmt-nix"
      },
      "locked": {
        "lastModified": 1711262477,
        "narHash": "sha256-fK1OsvjJwQlTeGJHcngxM2iWICCJ/vnG1qJq6U3H7UQ=",
        "owner": "Mic92",
        "repo": "envfs",
        "rev": "4aa4816dd9b5c38db4005ca18a42d8070242eec5",
        "type": "github"
      },
      "original": {
        "owner": "Mic92",
        "repo": "envfs",
        "type": "github"
      }
    },
    "fenix": {
      "inputs": {
        "nixpkgs": [
          "nixpkgs"
        ],
        "rust-analyzer-src": "rust-analyzer-src"
      },
      "locked": {
        "lastModified": 1711606966,
        "narHash": "sha256-nTaO7ZDL4D02dVC5ktqnXNiNuODBUHyE4qEcFjAUCQY=",
        "owner": "nix-community",
        "repo": "fenix",
        "rev": "aa45c3e901ea42d6633af083c0c555efaf948b17",
        "type": "github"
      },
      "original": {
        "owner": "nix-community",
        "repo": "fenix",
        "type": "github"
      }
    },
    "flake-compat": {
      "flake": false,
      "locked": {
        "lastModified": 1688025799,
        "narHash": "sha256-ktpB4dRtnksm9F5WawoIkEneh1nrEvuxb5lJFt1iOyw=",
        "owner": "nix-community",
        "repo": "flake-compat",
        "rev": "8bf105319d44f6b9f0d764efa4fdef9f1cc9ba1c",
        "type": "github"
      },
      "original": {
        "owner": "nix-community",
        "repo": "flake-compat",
        "type": "github"
      }
    },
    "flake-parts": {
      "inputs": {
        "nixpkgs-lib": [
          "envfs",
          "nixpkgs"
        ]
      },
      "locked": {
        "lastModified": 1709336216,
        "narHash": "sha256-Dt/wOWeW6Sqm11Yh+2+t0dfEWxoMxGBvv3JpIocFl9E=",
        "owner": "hercules-ci",
        "repo": "flake-parts",
        "rev": "f7b3c975cf067e56e7cda6cb098ebe3fb4d74ca2",
        "type": "github"
      },
      "original": {
        "owner": "hercules-ci",
        "repo": "flake-parts",
        "type": "github"
      }
    },
    "flake-utils": {
      "inputs": {
        "systems": "systems"
      },
      "locked": {
        "lastModified": 1685518550,
        "narHash": "sha256-o2d0KcvaXzTrPRIo0kOLV0/QXHhDQ5DTi+OxcjO8xqY=",
        "owner": "numtide",
        "repo": "flake-utils",
        "rev": "a1720a10a6cfe8234c0e93907ffe81be440f4cef",
        "type": "github"
      },
      "original": {
        "owner": "numtide",
        "repo": "flake-utils",
        "type": "github"
      }
    },
    "home-manager": {
      "inputs": {
        "nixpkgs": [
          "nixpkgs"
        ]
      },
      "locked": {
        "lastModified": 1711625603,
        "narHash": "sha256-W+9dfqA9bqUIBV5u7jaIARAzMe3kTq/Hp2SpSVXKRQw=",
        "owner": "nix-community",
        "repo": "home-manager",
        "rev": "c0ef0dab55611c676ad7539bf4e41b3ec6fa87d2",
        "type": "github"
      },
      "original": {
        "owner": "nix-community",
        "repo": "home-manager",
        "type": "github"
      }
    },
    "nix-index-database": {
      "inputs": {
        "nixpkgs": [
          "nixpkgs"
        ]
      },
      "locked": {
        "lastModified": 1711249705,
        "narHash": "sha256-h/NQECj6mIzF4XR6AQoSpkCnwqAM+ol4+qOdYi2ykmQ=",
        "owner": "nix-community",
        "repo": "nix-index-database",
        "rev": "34519f3bb678a5abbddf7b200ac5347263ee781b",
        "type": "github"
      },
      "original": {
        "owner": "nix-community",
        "repo": "nix-index-database",
        "type": "github"
      }
    },
    "nixos-cosmic": {
      "inputs": {
        "flake-compat": "flake-compat",
        "nixpkgs": [
          "nixpkgs"
        ]
      },
      "locked": {
        "lastModified": 1711599780,
        "narHash": "sha256-oBeOUfEgR4IWYLqsE+/WFEXQ/AjQo9hGVWV9f2XqfI4=",
        "owner": "lilyinstarlight",
        "repo": "nixos-cosmic",
        "rev": "1e17eab80fe3fc882e0cfdd84a1b9c20ebc65b26",
        "type": "github"
      },
      "original": {
        "owner": "lilyinstarlight",
        "repo": "nixos-cosmic",
        "type": "github"
      }
    },
    "nixpkgs": {
      "locked": {
        "lastModified": 1711523803,
        "narHash": "sha256-UKcYiHWHQynzj6CN/vTcix4yd1eCu1uFdsuarupdCQQ=",
        "owner": "nixos",
        "repo": "nixpkgs",
        "rev": "2726f127c15a4cc9810843b96cad73c7eb39e443",
        "type": "github"
      },
      "original": {
        "owner": "nixos",
        "ref": "nixos-unstable",
        "repo": "nixpkgs",
        "type": "github"
      }
    },
    "root": {
      "inputs": {
        "envfs": "envfs",
        "fenix": "fenix",
        "home-manager": "home-manager",
        "nix-index-database": "nix-index-database",
        "nixos-cosmic": "nixos-cosmic",
        "nixpkgs": "nixpkgs",
        "spicetify-nix": "spicetify-nix"
      }
    },
    "rust-analyzer-src": {
      "flake": false,
      "locked": {
        "lastModified": 1711562745,
        "narHash": "sha256-s/YOyBM0vumhkqCFi8CnV5imFlC5JJrGia8CmEXyQkM=",
        "owner": "rust-lang",
        "repo": "rust-analyzer",
        "rev": "ad51a17c627b4ca57f83f0dc1f3bb5f3f17e6d0b",
        "type": "github"
      },
      "original": {
        "owner": "rust-lang",
        "ref": "nightly",
        "repo": "rust-analyzer",
        "type": "github"
      }
    },
    "spicetify-nix": {
      "inputs": {
        "flake-utils": "flake-utils",
        "nixpkgs": [
          "nixpkgs"
        ]
      },
      "locked": {
        "lastModified": 1704167711,
        "narHash": "sha256-kFDq+kf/Di/P8bq5sUP8pVwRkrSVrABksBjMPmLic3s=",
        "owner": "the-argus",
        "repo": "spicetify-nix",
        "rev": "1325416f951d6a82cfddb1289864ad782e2b87c4",
        "type": "github"
      },
      "original": {
        "owner": "the-argus",
        "repo": "spicetify-nix",
        "type": "github"
      }
    },
    "systems": {
      "locked": {
        "lastModified": 1681028828,
        "narHash": "sha256-Vy1rq5AaRuLzOxct8nz4T6wlgyUR7zLU309k9mBC768=",
        "owner": "nix-systems",
        "repo": "default",
        "rev": "da67096a3b9bf56a91d16901293e51ba5b49a27e",
        "type": "github"
      },
      "original": {
        "owner": "nix-systems",
        "repo": "default",
        "type": "github"
      }
    },
    "treefmt-nix": {
      "inputs": {
        "nixpkgs": [
          "envfs",
          "nixpkgs"
        ]
      },
      "locked": {
        "lastModified": 1710781103,
        "narHash": "sha256-nehQK/XTFxfa6rYKtbi8M1w+IU1v5twYhiyA4dg1vpg=",
        "owner": "numtide",
        "repo": "treefmt-nix",
        "rev": "7ee5aaac63c30d3c97a8c56efe89f3b2aa9ae564",
        "type": "github"
      },
      "original": {
        "owner": "numtide",
        "repo": "treefmt-nix",
        "type": "github"
      }
    }
  },
  "root": "root",
  "version": 7
}
